
Microsoft Visual Studio Solution File, Format Version 12.00
# Visual Studio Version 16
VisualStudioVersion = 16.0.31129.286
MinimumVisualStudioVersion = 10.0.40219.1
Project("{FAE04EC0-301F-11D3-BF4B-00C04F79EFBC}") = "BSEF18A038_BlogApplication", "BSEF18A038_BlogApplication\BSEF18A038_BlogApplication.csproj", "{AECB589E-0EF7-4C46-92CB-0EBB7213ADA8}"
EndProject
Global
	GlobalSection(SolutionConfigurationPlatforms) = preSolution
		Debug|Any CPU = Debug|Any CPU
		Release|Any CPU = Release|Any CPU
	EndGlobalSection
	GlobalSection(ProjectConfigurationPlatforms) = postSolution
		{AECB589E-0EF7-4C46-92CB-0EBB7213ADA8}.Debug|Any CPU.ActiveCfg = Debug|Any CPU
		{AECB589E-0EF7-4C46-92CB-0EBB7213ADA8}.Debug|Any CPU.Build.0 = Debug|Any CPU
		{AECB589E-0EF7-4C46-92CB-0EBB7213ADA8}.Release|Any CPU.ActiveCfg = Release|Any CPU
		{AECB589E-0EF7-4C46-92CB-0EBB7213ADA8}.Release|Any CPU.Build.0 = Release|Any CPU
	EndGlobalSection
	GlobalSection(SolutionProperties) = preSolution
		HideSolutionNode = FALSE
	EndGlobalSection
	GlobalSection(ExtensibilityGlobals) = postSolution
		SolutionGuid = {D0C7233B-1BAB-4EC1-ACB0-B20AB7A5AA21}
	EndGlobalSection
EndGlobal
